
Microsoft Visual Studio Solution File, Format Version 12.00
# Visual Studio Version 17
VisualStudioVersion = 17.10.35027.167
MinimumVisualStudioVersion = 10.0.40219.1
Project("{FAE04EC0-301F-11D3-BF4B-00C04F79EFBC}") = "System_programming", "System_programming\System_programming.csproj", "{8CFE9DFD-3522-4979-ADC6-4C6DBB70475A}"
EndProject
Project("{9A19103F-16F7-4668-BE54-9A1E7A4F7556}") = "WpfApp1", "WpfApp1\WpfApp1.csproj", "{EB8F05DF-A79D-486E-A01D-F08127E1EF3E}"
EndProject
Project("{9A19103F-16F7-4668-BE54-9A1E7A4F7556}") = "CallOtherApp", "CallOtherApp\CallOtherApp.csproj", "{E853A477-DABC-46F6-A3A2-B1EB9463012A}"
EndProject
Project("{FAE04EC0-301F-11D3-BF4B-00C04F79EFBC}") = "CallOtherApp2", "CallOtherApp2\CallOtherApp2.csproj", "{7FD6B54A-D73F-4A6A-977A-9BEF4E46A0FC}"
EndProject
Project("{FAE04EC0-301F-11D3-BF4B-00C04F79EFBC}") = "Domen", "Domen\Domen.csproj", "{BAA808BA-620D-437A-926F-CC326764F677}"
EndProject
Project("{FAE04EC0-301F-11D3-BF4B-00C04F79EFBC}") = "Threads", "Thread\Threads.csproj", "{2A4F43F6-730D-4A77-8F88-16B24A9E577D}"
EndProject
Project("{FAE04EC0-301F-11D3-BF4B-00C04F79EFBC}") = "Threads__join", "Threads__join\Threads__join.csproj", "{074CA651-A55C-44A6-968F-9CE14078C50E}"
EndProject
Project("{FAE04EC0-301F-11D3-BF4B-00C04F79EFBC}") = "Timer_", "Timer_\Timer_.csproj", "{E5924CC1-49C1-4ED0-9B6E-4049679C7284}"
EndProject
Project("{9A19103F-16F7-4668-BE54-9A1E7A4F7556}") = "Data_user", "Data_user\Data_user.csproj", "{90569CC1-BADE-43BC-8A30-E2D0A2808697}"
EndProject
Project("{FAE04EC0-301F-11D3-BF4B-00C04F79EFBC}") = "Tasks", "Tasks\Tasks.csproj", "{6D179874-3051-4468-BA2A-49E3DBC9BEC9}"
EndProject
Project("{FAE04EC0-301F-11D3-BF4B-00C04F79EFBC}") = "Task_homework", "Task_homework\Task_homework.csproj", "{AFF74426-0B4E-4FA2-92AE-F7D50AF9BCE5}"
EndProject
Project("{FAE04EC0-301F-11D3-BF4B-00C04F79EFBC}") = "Assync", "Assync\Assync.csproj", "{AECDB7EE-883B-48E0-806C-7D1677C593C6}"
EndProject
Project("{FAE04EC0-301F-11D3-BF4B-00C04F79EFBC}") = "Synchronization", "Synchronization\Synchronization.csproj", "{3CD15A5C-8EB0-4513-AFB5-109147C8E5BF}"
EndProject
Project("{FAE04EC0-301F-11D3-BF4B-00C04F79EFBC}") = "ConsoleApp1", "ConsoleApp1\ConsoleApp1.csproj", "{B6719F3D-55D9-41E3-AC9A-B9B482BA3580}"
EndProject
Global
	GlobalSection(SolutionConfigurationPlatforms) = preSolution
		Debug|Any CPU = Debug|Any CPU
		Release|Any CPU = Release|Any CPU
	EndGlobalSection
	GlobalSection(ProjectConfigurationPlatforms) = postSolution
		{8CFE9DFD-3522-4979-ADC6-4C6DBB70475A}.Debug|Any CPU.ActiveCfg = Debug|Any CPU
		{8CFE9DFD-3522-4979-ADC6-4C6DBB70475A}.Debug|Any CPU.Build.0 = Debug|Any CPU
		{8CFE9DFD-3522-4979-ADC6-4C6DBB70475A}.Release|Any CPU.ActiveCfg = Release|Any CPU
		{8CFE9DFD-3522-4979-ADC6-4C6DBB70475A}.Release|Any CPU.Build.0 = Release|Any CPU
		{EB8F05DF-A79D-486E-A01D-F08127E1EF3E}.Debug|Any CPU.ActiveCfg = Debug|Any CPU
		{EB8F05DF-A79D-486E-A01D-F08127E1EF3E}.Debug|Any CPU.Build.0 = Debug|Any CPU
		{EB8F05DF-A79D-486E-A01D-F08127E1EF3E}.Release|Any CPU.ActiveCfg = Release|Any CPU
		{EB8F05DF-A79D-486E-A01D-F08127E1EF3E}.Release|Any CPU.Build.0 = Release|Any CPU
		{E853A477-DABC-46F6-A3A2-B1EB9463012A}.Debug|Any CPU.ActiveCfg = Debug|Any CPU
		{E853A477-DABC-46F6-A3A2-B1EB9463012A}.Debug|Any CPU.Build.0 = Debug|Any CPU
		{E853A477-DABC-46F6-A3A2-B1EB9463012A}.Release|Any CPU.ActiveCfg = Release|Any CPU
		{E853A477-DABC-46F6-A3A2-B1EB9463012A}.Release|Any CPU.Build.0 = Release|Any CPU
		{7FD6B54A-D73F-4A6A-977A-9BEF4E46A0FC}.Debug|Any CPU.ActiveCfg = Debug|Any CPU
		{7FD6B54A-D73F-4A6A-977A-9BEF4E46A0FC}.Debug|Any CPU.Build.0 = Debug|Any CPU
		{7FD6B54A-D73F-4A6A-977A-9BEF4E46A0FC}.Release|Any CPU.ActiveCfg = Release|Any CPU
		{7FD6B54A-D73F-4A6A-977A-9BEF4E46A0FC}.Release|Any CPU.Build.0 = Release|Any CPU
		{BAA808BA-620D-437A-926F-CC326764F677}.Debug|Any CPU.ActiveCfg = Debug|Any CPU
		{BAA808BA-620D-437A-926F-CC326764F677}.Debug|Any CPU.Build.0 = Debug|Any CPU
		{BAA808BA-620D-437A-926F-CC326764F677}.Release|Any CPU.ActiveCfg = Release|Any CPU
		{BAA808BA-620D-437A-926F-CC326764F677}.Release|Any CPU.Build.0 = Release|Any CPU
		{2A4F43F6-730D-4A77-8F88-16B24A9E577D}.Debug|Any CPU.ActiveCfg = Debug|Any CPU
		{2A4F43F6-730D-4A77-8F88-16B24A9E577D}.Debug|Any CPU.Build.0 = Debug|Any CPU
		{2A4F43F6-730D-4A77-8F88-16B24A9E577D}.Release|Any CPU.ActiveCfg = Release|Any CPU
		{2A4F43F6-730D-4A77-8F88-16B24A9E577D}.Release|Any CPU.Build.0 = Release|Any CPU
		{074CA651-A55C-44A6-968F-9CE14078C50E}.Debug|Any CPU.ActiveCfg = Debug|Any CPU
		{074CA651-A55C-44A6-968F-9CE14078C50E}.Debug|Any CPU.Build.0 = Debug|Any CPU
		{074CA651-A55C-44A6-968F-9CE14078C50E}.Release|Any CPU.ActiveCfg = Release|Any CPU
		{074CA651-A55C-44A6-968F-9CE14078C50E}.Release|Any CPU.Build.0 = Release|Any CPU
		{E5924CC1-49C1-4ED0-9B6E-4049679C7284}.Debug|Any CPU.ActiveCfg = Debug|Any CPU
		{E5924CC1-49C1-4ED0-9B6E-4049679C7284}.Debug|Any CPU.Build.0 = Debug|Any CPU
		{E5924CC1-49C1-4ED0-9B6E-4049679C7284}.Release|Any CPU.ActiveCfg = Release|Any CPU
		{E5924CC1-49C1-4ED0-9B6E-4049679C7284}.Release|Any CPU.Build.0 = Release|Any CPU
		{90569CC1-BADE-43BC-8A30-E2D0A2808697}.Debug|Any CPU.ActiveCfg = Debug|Any CPU
		{90569CC1-BADE-43BC-8A30-E2D0A2808697}.Debug|Any CPU.Build.0 = Debug|Any CPU
		{90569CC1-BADE-43BC-8A30-E2D0A2808697}.Release|Any CPU.ActiveCfg = Release|Any CPU
		{90569CC1-BADE-43BC-8A30-E2D0A2808697}.Release|Any CPU.Build.0 = Release|Any CPU
		{6D179874-3051-4468-BA2A-49E3DBC9BEC9}.Debug|Any CPU.ActiveCfg = Debug|Any CPU
		{6D179874-3051-4468-BA2A-49E3DBC9BEC9}.Debug|Any CPU.Build.0 = Debug|Any CPU
		{6D179874-3051-4468-BA2A-49E3DBC9BEC9}.Release|Any CPU.ActiveCfg = Release|Any CPU
		{6D179874-3051-4468-BA2A-49E3DBC9BEC9}.Release|Any CPU.Build.0 = Release|Any CPU
		{AFF74426-0B4E-4FA2-92AE-F7D50AF9BCE5}.Debug|Any CPU.ActiveCfg = Debug|Any CPU
		{AFF74426-0B4E-4FA2-92AE-F7D50AF9BCE5}.Debug|Any CPU.Build.0 = Debug|Any CPU
		{AFF74426-0B4E-4FA2-92AE-F7D50AF9BCE5}.Release|Any CPU.ActiveCfg = Release|Any CPU
		{AFF74426-0B4E-4FA2-92AE-F7D50AF9BCE5}.Release|Any CPU.Build.0 = Release|Any CPU
		{AECDB7EE-883B-48E0-806C-7D1677C593C6}.Debug|Any CPU.ActiveCfg = Debug|Any CPU
		{AECDB7EE-883B-48E0-806C-7D1677C593C6}.Debug|Any CPU.Build.0 = Debug|Any CPU
		{AECDB7EE-883B-48E0-806C-7D1677C593C6}.Release|Any CPU.ActiveCfg = Release|Any CPU
		{AECDB7EE-883B-48E0-806C-7D1677C593C6}.Release|Any CPU.Build.0 = Release|Any CPU
		{3CD15A5C-8EB0-4513-AFB5-109147C8E5BF}.Debug|Any CPU.ActiveCfg = Debug|Any CPU
		{3CD15A5C-8EB0-4513-AFB5-109147C8E5BF}.Debug|Any CPU.Build.0 = Debug|Any CPU
		{3CD15A5C-8EB0-4513-AFB5-109147C8E5BF}.Release|Any CPU.ActiveCfg = Release|Any CPU
		{3CD15A5C-8EB0-4513-AFB5-109147C8E5BF}.Release|Any CPU.Build.0 = Release|Any CPU
		{B6719F3D-55D9-41E3-AC9A-B9B482BA3580}.Debug|Any CPU.ActiveCfg = Debug|Any CPU
		{B6719F3D-55D9-41E3-AC9A-B9B482BA3580}.Debug|Any CPU.Build.0 = Debug|Any CPU
		{B6719F3D-55D9-41E3-AC9A-B9B482BA3580}.Release|Any CPU.ActiveCfg = Release|Any CPU
		{B6719F3D-55D9-41E3-AC9A-B9B482BA3580}.Release|Any CPU.Build.0 = Release|Any CPU
	EndGlobalSection
	GlobalSection(SolutionProperties) = preSolution
		HideSolutionNode = FALSE
	EndGlobalSection
	GlobalSection(ExtensibilityGlobals) = postSolution
		SolutionGuid = {6CA1D72E-3F69-400E-95F8-0D766892637C}
	EndGlobalSection
EndGlobal
